// !$*UTF8*$!
{
	archiveVersion = 1;
	classes = {
	};
	objectVersion = 50;
	objects = {

/* Begin PBXBuildFile section */
		956D582C21B70EEB001E2649 /* AppDelegate.swift in Sources */ = {isa = PBXBuildFile; fileRef = 956D582B21B70EEB001E2649 /* AppDelegate.swift */; };
		956D583121B70EEB001E2649 /* Main.storyboard in Resources */ = {isa = PBXBuildFile; fileRef = 956D582F21B70EEB001E2649 /* Main.storyboard */; };
		956D583421B70EEB001E2649 /* PolarityTE_Project.xcdatamodeld in Sources */ = {isa = PBXBuildFile; fileRef = 956D583221B70EEB001E2649 /* PolarityTE_Project.xcdatamodeld */; };
		956D583621B70EED001E2649 /* Assets.xcassets in Resources */ = {isa = PBXBuildFile; fileRef = 956D583521B70EED001E2649 /* Assets.xcassets */; };
		956D583921B70EED001E2649 /* LaunchScreen.storyboard in Resources */ = {isa = PBXBuildFile; fileRef = 956D583721B70EED001E2649 /* LaunchScreen.storyboard */; };
		956D584221B71A75001E2649 /* CreateUserViewController.swift in Sources */ = {isa = PBXBuildFile; fileRef = 956D584121B71A75001E2649 /* CreateUserViewController.swift */; };
		956D584421B71A9E001E2649 /* UserTableViewController.swift in Sources */ = {isa = PBXBuildFile; fileRef = 956D584321B71A9E001E2649 /* UserTableViewController.swift */; };
		956D584621B71B05001E2649 /* UserDetailViewController.swift in Sources */ = {isa = PBXBuildFile; fileRef = 956D584521B71B05001E2649 /* UserDetailViewController.swift */; };
		956D584821B71B29001E2649 /* UserTableViewCell.swift in Sources */ = {isa = PBXBuildFile; fileRef = 956D584721B71B29001E2649 /* UserTableViewCell.swift */; };
		956D584F21B72436001E2649 /* User+Convenience.swift in Sources */ = {isa = PBXBuildFile; fileRef = 956D584E21B72436001E2649 /* User+Convenience.swift */; };
		956D585121B725C7001E2649 /* CoreDataStack.swift in Sources */ = {isa = PBXBuildFile; fileRef = 956D585021B725C7001E2649 /* CoreDataStack.swift */; };
		956D585321B85401001E2649 /* UserRepresentation.swift in Sources */ = {isa = PBXBuildFile; fileRef = 956D585221B85401001E2649 /* UserRepresentation.swift */; };
		956D585521B85AB7001E2649 /* UserController.swift in Sources */ = {isa = PBXBuildFile; fileRef = 956D585421B85AB7001E2649 /* UserController.swift */; };
/* End PBXBuildFile section */

/* Begin PBXFileReference section */
		956D582821B70EEB001E2649 /* PolarityTE_Project.app */ = {isa = PBXFileReference; explicitFileType = wrapper.application; includeInIndex = 0; path = PolarityTE_Project.app; sourceTree = BUILT_PRODUCTS_DIR; };
		956D582B21B70EEB001E2649 /* AppDelegate.swift */ = {isa = PBXFileReference; lastKnownFileType = sourcecode.swift; path = AppDelegate.swift; sourceTree = "<group>"; };
		956D583021B70EEB001E2649 /* Base */ = {isa = PBXFileReference; lastKnownFileType = file.storyboard; name = Base; path = Base.lproj/Main.storyboard; sourceTree = "<group>"; };
		956D583321B70EEB001E2649 /* PolarityTE_Project.xcdatamodel */ = {isa = PBXFileReference; lastKnownFileType = wrapper.xcdatamodel; path = PolarityTE_Project.xcdatamodel; sourceTree = "<group>"; };
		956D583521B70EED001E2649 /* Assets.xcassets */ = {isa = PBXFileReference; lastKnownFileType = folder.assetcatalog; path = Assets.xcassets; sourceTree = "<group>"; };
		956D583821B70EED001E2649 /* Base */ = {isa = PBXFileReference; lastKnownFileType = file.storyboard; name = Base; path = Base.lproj/LaunchScreen.storyboard; sourceTree = "<group>"; };
		956D583A21B70EED001E2649 /* Info.plist */ = {isa = PBXFileReference; lastKnownFileType = text.plist.xml; path = Info.plist; sourceTree = "<group>"; };
		956D584121B71A75001E2649 /* CreateUserViewController.swift */ = {isa = PBXFileReference; lastKnownFileType = sourcecode.swift; path = CreateUserViewController.swift; sourceTree = "<group>"; };
		956D584321B71A9E001E2649 /* UserTableViewController.swift */ = {isa = PBXFileReference; lastKnownFileType = sourcecode.swift; path = UserTableViewController.swift; sourceTree = "<group>"; };
		956D584521B71B05001E2649 /* UserDetailViewController.swift */ = {isa = PBXFileReference; lastKnownFileType = sourcecode.swift; path = UserDetailViewController.swift; sourceTree = "<group>"; };
		956D584721B71B29001E2649 /* UserTableViewCell.swift */ = {isa = PBXFileReference; lastKnownFileType = sourcecode.swift; path = UserTableViewCell.swift; sourceTree = "<group>"; };
		956D584E21B72436001E2649 /* User+Convenience.swift */ = {isa = PBXFileReference; lastKnownFileType = sourcecode.swift; path = "User+Convenience.swift"; sourceTree = "<group>"; };
		956D585021B725C7001E2649 /* CoreDataStack.swift */ = {isa = PBXFileReference; lastKnownFileType = sourcecode.swift; path = CoreDataStack.swift; sourceTree = "<group>"; };
		956D585221B85401001E2649 /* UserRepresentation.swift */ = {isa = PBXFileReference; lastKnownFileType = sourcecode.swift; path = UserRepresentation.swift; sourceTree = "<group>"; };
		956D585421B85AB7001E2649 /* UserController.swift */ = {isa = PBXFileReference; lastKnownFileType = sourcecode.swift; path = UserController.swift; sourceTree = "<group>"; };
/* End PBXFileReference section */

/* Begin PBXFrameworksBuildPhase section */
		956D582521B70EEB001E2649 /* Frameworks */ = {
			isa = PBXFrameworksBuildPhase;
			buildActionMask = 2147483647;
			files = (
			);
			runOnlyForDeploymentPostprocessing = 0;
		};
/* End PBXFrameworksBuildPhase section */

/* Begin PBXGroup section */
		956D581F21B70EEB001E2649 = {
			isa = PBXGroup;
			children = (
				956D582A21B70EEB001E2649 /* PolarityTE_Project */,
				956D582921B70EEB001E2649 /* Products */,
			);
			sourceTree = "<group>";
		};
		956D582921B70EEB001E2649 /* Products */ = {
			isa = PBXGroup;
			children = (
				956D582821B70EEB001E2649 /* PolarityTE_Project.app */,
			);
			name = Products;
			sourceTree = "<group>";
		};
		956D582A21B70EEB001E2649 /* PolarityTE_Project */ = {
			isa = PBXGroup;
			children = (
				956D582F21B70EEB001E2649 /* Main.storyboard */,
				956D584D21B72425001E2649 /* Model */,
				956D584921B71B8B001E2649 /* View Controller */,
				956D584A21B71B98001E2649 /* View */,
				956D584021B70FCC001E2649 /* Resources */,
			);
			path = PolarityTE_Project;
			sourceTree = "<group>";
		};
		956D584021B70FCC001E2649 /* Resources */ = {
			isa = PBXGroup;
			children = (
				956D582B21B70EEB001E2649 /* AppDelegate.swift */,
				956D583521B70EED001E2649 /* Assets.xcassets */,
				956D583721B70EED001E2649 /* LaunchScreen.storyboard */,
				956D583A21B70EED001E2649 /* Info.plist */,
			);
			path = Resources;
			sourceTree = "<group>";
		};
		956D584921B71B8B001E2649 /* View Controller */ = {
			isa = PBXGroup;
			children = (
				956D584121B71A75001E2649 /* CreateUserViewController.swift */,
				956D584321B71A9E001E2649 /* UserTableViewController.swift */,
				956D584521B71B05001E2649 /* UserDetailViewController.swift */,
			);
			path = "View Controller";
			sourceTree = "<group>";
		};
		956D584A21B71B98001E2649 /* View */ = {
			isa = PBXGroup;
			children = (
				956D584721B71B29001E2649 /* UserTableViewCell.swift */,
			);
			path = View;
			sourceTree = "<group>";
		};
		956D584D21B72425001E2649 /* Model */ = {
			isa = PBXGroup;
			children = (
				956D583221B70EEB001E2649 /* PolarityTE_Project.xcdatamodeld */,
				956D584E21B72436001E2649 /* User+Convenience.swift */,
				956D585221B85401001E2649 /* UserRepresentation.swift */,
				956D585421B85AB7001E2649 /* UserController.swift */,
				956D585021B725C7001E2649 /* CoreDataStack.swift */,
			);
			path = Model;
			sourceTree = "<group>";
		};
/* End PBXGroup section */

/* Begin PBXNativeTarget section */
		956D582721B70EEB001E2649 /* PolarityTE_Project */ = {
			isa = PBXNativeTarget;
			buildConfigurationList = 956D583D21B70EED001E2649 /* Build configuration list for PBXNativeTarget "PolarityTE_Project" */;
			buildPhases = (
				956D582421B70EEB001E2649 /* Sources */,
				956D582521B70EEB001E2649 /* Frameworks */,
				956D582621B70EEB001E2649 /* Resources */,
			);
			buildRules = (
			);
			dependencies = (
			);
			name = PolarityTE_Project;
			productName = PolarityTE_Project;
			productReference = 956D582821B70EEB001E2649 /* PolarityTE_Project.app */;
			productType = "com.apple.product-type.application";
		};
/* End PBXNativeTarget section */

/* Begin PBXProject section */
		956D582021B70EEB001E2649 /* Project object */ = {
			isa = PBXProject;
			attributes = {
				LastSwiftUpdateCheck = 1010;
				LastUpgradeCheck = 1010;
				ORGANIZATIONNAME = LuisPuentes;
				TargetAttributes = {
					956D582721B70EEB001E2649 = {
						CreatedOnToolsVersion = 10.1;
					};
				};
			};
			buildConfigurationList = 956D582321B70EEB001E2649 /* Build configuration list for PBXProject "PolarityTE_Project" */;
			compatibilityVersion = "Xcode 9.3";
			developmentRegion = en;
			hasScannedForEncodings = 0;
			knownRegions = (
				en,
				Base,
			);
			mainGroup = 956D581F21B70EEB001E2649;
			productRefGroup = 956D582921B70EEB001E2649 /* Products */;
			projectDirPath = "";
			projectRoot = "";
			targets = (
				956D582721B70EEB001E2649 /* PolarityTE_Project */,
			);
		};
/* End PBXProject section */

/* Begin PBXResourcesBuildPhase section */
		956D582621B70EEB001E2649 /* Resources */ = {
			isa = PBXResourcesBuildPhase;
			buildActionMask = 2147483647;
			files = (
				956D583921B70EED001E2649 /* LaunchScreen.storyboard in Resources */,
				956D583621B70EED001E2649 /* Assets.xcassets in Resources */,
				956D583121B70EEB001E2649 /* Main.storyboard in Resources */,
			);
			runOnlyForDeploymentPostprocessing = 0;
		};
/* End PBXResourcesBuildPhase section */

/* Begin PBXSourcesBuildPhase section */
		956D582421B70EEB001E2649 /* Sources */ = {
			isa = PBXSourcesBuildPhase;
			buildActionMask = 2147483647;
			files = (
				956D582C21B70EEB001E2649 /* AppDelegate.swift in Sources */,
				956D584621B71B05001E2649 /* UserDetailViewController.swift in Sources */,
				956D585521B85AB7001E2649 /* UserController.swift in Sources */,
				956D583421B70EEB001E2649 /* PolarityTE_Project.xcdatamodeld in Sources */,
				956D584421B71A9E001E2649 /* UserTableViewController.swift in Sources */,
				956D584821B71B29001E2649 /* UserTableViewCell.swift in Sources */,
				956D584221B71A75001E2649 /* CreateUserViewController.swift in Sources */,
				956D584F21B72436001E2649 /* User+Convenience.swift in Sources */,
				956D585321B85401001E2649 /* UserRepresentation.swift in Sources */,
				956D585121B725C7001E2649 /* CoreDataStack.swift in Sources */,
			);
			runOnlyForDeploymentPostprocessing = 0;
		};
/* End PBXSourcesBuildPhase section */

/* Begin PBXVariantGroup section */
		956D582F21B70EEB001E2649 /* Main.storyboard */ = {
			isa = PBXVariantGroup;
			children = (
				956D583021B70EEB001E2649 /* Base */,
			);
			name = Main.storyboard;
			sourceTree = "<group>";
		};
		956D583721B70EED001E2649 /* LaunchScreen.storyboard */ = {
			isa = PBXVariantGroup;
			children = (
				956D583821B70EED001E2649 /* Base */,
			);
			name = LaunchScreen.storyboard;
			sourceTree = "<group>";
		};
/* End PBXVariantGroup section */

/* Begin XCBuildConfiguration section */
		956D583B21B70EED001E2649 /* Debug */ = {
			isa = XCBuildConfiguration;
			buildSettings = {
				ALWAYS_SEARCH_USER_PATHS = NO;
				CLANG_ANALYZER_NONNULL = YES;
				CLANG_ANALYZER_NUMBER_OBJECT_CONVERSION = YES_AGGRESSIVE;
				CLANG_CXX_LANGUAGE_STANDARD = "gnu++14";
				CLANG_CXX_LIBRARY = "libc++";
				CLANG_ENABLE_MODULES = YES;
				CLANG_ENABLE_OBJC_ARC = YES;
				CLANG_ENABLE_OBJC_WEAK = YES;
				CLANG_WARN_BLOCK_CAPTURE_AUTORELEASING = YES;
				CLANG_WARN_BOOL_CONVERSION = YES;
				CLANG_WARN_COMMA = YES;
				CLANG_WARN_CONSTANT_CONVERSION = YES;
				CLANG_WARN_DEPRECATED_OBJC_IMPLEMENTATIONS = YES;
				CLANG_WARN_DIRECT_OBJC_ISA_USAGE = YES_ERROR;
				CLANG_WARN_DOCUMENTATION_COMMENTS = YES;
				CLANG_WARN_EMPTY_BODY = YES;
				CLANG_WARN_ENUM_CONVERSION = YES;
				CLANG_WARN_INFINITE_RECURSION = YES;
				CLANG_WARN_INT_CONVERSION = YES;
				CLANG_WARN_NON_LITERAL_NULL_CONVERSION = YES;
				CLANG_WARN_OBJC_IMPLICIT_RETAIN_SELF = YES;
				CLANG_WARN_OBJC_LITERAL_CONVERSION = YES;
				CLANG_WARN_OBJC_ROOT_CLASS = YES_ERROR;
				CLANG_WARN_RANGE_LOOP_ANALYSIS = YES;
				CLANG_WARN_STRICT_PROTOTYPES = YES;
				CLANG_WARN_SUSPICIOUS_MOVE = YES;
				CLANG_WARN_UNGUARDED_AVAILABILITY = YES_AGGRESSIVE;
				CLANG_WARN_UNREACHABLE_CODE = YES;
				CLANG_WARN__DUPLICATE_METHOD_MATCH = YES;
				CODE_SIGN_IDENTITY = "iPhone Developer";
				COPY_PHASE_STRIP = NO;
				DEBUG_INFORMATION_FORMAT = dwarf;
				ENABLE_STRICT_OBJC_MSGSEND = YES;
				ENABLE_TESTABILITY = YES;
				GCC_C_LANGUAGE_STANDARD = gnu11;
				GCC_DYNAMIC_NO_PIC = NO;
				GCC_NO_COMMON_BLOCKS = YES;
				GCC_OPTIMIZATION_LEVEL = 0;
				GCC_PREPROCESSOR_DEFINITIONS = (
					"DEBUG=1",
					"$(inherited)",
				);
				GCC_WARN_64_TO_32_BIT_CONVERSION = YES;
				GCC_WARN_ABOUT_RETURN_TYPE = YES_ERROR;
				GCC_WARN_UNDECLARED_SELECTOR = YES;
				GCC_WARN_UNINITIALIZED_AUTOS = YES_AGGRESSIVE;
				GCC_WARN_UNUSED_FUNCTION = YES;
				GCC_WARN_UNUSED_VARIABLE = YES;
				IPHONEOS_DEPLOYMENT_TARGET = 12.1;
				MTL_ENABLE_DEBUG_INFO = INCLUDE_SOURCE;
				MTL_FAST_MATH = YES;
				ONLY_ACTIVE_ARCH = YES;
				SDKROOT = iphoneos;
				SWIFT_ACTIVE_COMPILATION_CONDITIONS = DEBUG;
				SWIFT_OPTIMIZATION_LEVEL = "-Onone";
			};
			name = Debug;
		};
		956D583C21B70EED001E2649 /* Release */ = {
			isa = XCBuildConfiguration;
			buildSettings = {
				ALWAYS_SEARCH_USER_PATHS = NO;
				CLANG_ANALYZER_NONNULL = YES;
				CLANG_ANALYZER_NUMBER_OBJECT_CONVERSION = YES_AGGRESSIVE;
				CLANG_CXX_LANGUAGE_STANDARD = "gnu++14";
				CLANG_CXX_LIBRARY = "libc++";
				CLANG_ENABLE_MODULES = YES;
				CLANG_ENABLE_OBJC_ARC = YES;
				CLANG_ENABLE_OBJC_WEAK = YES;
				CLANG_WARN_BLOCK_CAPTURE_AUTORELEASING = YES;
				CLANG_WARN_BOOL_CONVERSION = YES;
				CLANG_WARN_COMMA = YES;
				CLANG_WARN_CONSTANT_CONVERSION = YES;
				CLANG_WARN_DEPRECATED_OBJC_IMPLEMENTATIONS = YES;
				CLANG_WARN_DIRECT_OBJC_ISA_USAGE = YES_ERROR;
				CLANG_WARN_DOCUMENTATION_COMMENTS = YES;
				CLANG_WARN_EMPTY_BODY = YES;
				CLANG_WARN_ENUM_CONVERSION = YES;
				CLANG_WARN_INFINITE_RECURSION = YES;
				CLANG_WARN_INT_CONVERSION = YES;
				CLANG_WARN_NON_LITERAL_NULL_CONVERSION = YES;
				CLANG_WARN_OBJC_IMPLICIT_RETAIN_SELF = YES;
				CLANG_WARN_OBJC_LITERAL_CONVERSION = YES;
				CLANG_WARN_OBJC_ROOT_CLASS = YES_ERROR;
				CLANG_WARN_RANGE_LOOP_ANALYSIS = YES;
				CLANG_WARN_STRICT_PROTOTYPES = YES;
				CLANG_WARN_SUSPICIOUS_MOVE = YES;
				CLANG_WARN_UNGUARDED_AVAILABILITY = YES_AGGRESSIVE;
				CLANG_WARN_UNREACHABLE_CODE = YES;
				CLANG_WARN__DUPLICATE_METHOD_MATCH = YES;
				CODE_SIGN_IDENTITY = "iPhone Developer";
				COPY_PHASE_STRIP = NO;
				DEBUG_INFORMATION_FORMAT = "dwarf-with-dsym";
				ENABLE_NS_ASSERTIONS = NO;
				ENABLE_STRICT_OBJC_MSGSEND = YES;
				GCC_C_LANGUAGE_STANDARD = gnu11;
				GCC_NO_COMMON_BLOCKS = YES;
				GCC_WARN_64_TO_32_BIT_CONVERSION = YES;
				GCC_WARN_ABOUT_RETURN_TYPE = YES_ERROR;
				GCC_WARN_UNDECLARED_SELECTOR = YES;
				GCC_WARN_UNINITIALIZED_AUTOS = YES_AGGRESSIVE;
				GCC_WARN_UNUSED_FUNCTION = YES;
				GCC_WARN_UNUSED_VARIABLE = YES;
				IPHONEOS_DEPLOYMENT_TARGET = 12.1;
				MTL_ENABLE_DEBUG_INFO = NO;
				MTL_FAST_MATH = YES;
				SDKROOT = iphoneos;
				SWIFT_COMPILATION_MODE = wholemodule;
				SWIFT_OPTIMIZATION_LEVEL = "-O";
				VALIDATE_PRODUCT = YES;
			};
			name = Release;
		};
		956D583E21B70EED001E2649 /* Debug */ = {
			isa = XCBuildConfiguration;
			buildSettings = {
				ASSETCATALOG_COMPILER_APPICON_NAME = AppIcon;
				CODE_SIGN_STYLE = Automatic;
				DEVELOPMENT_TEAM = H9L7P6ZCN6;
				INFOPLIST_FILE = "$(SRCROOT)/PolarityTE_Project/Resources/Info.plist";
				LD_RUNPATH_SEARCH_PATHS = (
					"$(inherited)",
					"@executable_path/Frameworks",
				);
				PRODUCT_BUNDLE_IDENTIFIER = "com.PolarityTE-Project";
				PRODUCT_NAME = "$(TARGET_NAME)";
				SWIFT_VERSION = 4.2;
				TARGETED_DEVICE_FAMILY = "1,2";
			};
			name = Debug;
		};
		956D583F21B70EED001E2649 /* Release */ = {
			isa = XCBuildConfiguration;
			buildSettings = {
				ASSETCATALOG_COMPILER_APPICON_NAME = AppIcon;
				CODE_SIGN_STYLE = Automatic;
				DEVELOPMENT_TEAM = H9L7P6ZCN6;
				INFOPLIST_FILE = "$(SRCROOT)/PolarityTE_Project/Resources/Info.plist";
				LD_RUNPATH_SEARCH_PATHS = (
					"$(inherited)",
					"@executable_path/Frameworks",
				);
				PRODUCT_BUNDLE_IDENTIFIER = "com.PolarityTE-Project";
				PRODUCT_NAME = "$(TARGET_NAME)";
				SWIFT_VERSION = 4.2;
				TARGETED_DEVICE_FAMILY = "1,2";
			};
			name = Release;
		};
/* End XCBuildConfiguration section */

/* Begin XCConfigurationList section */
		956D582321B70EEB001E2649 /* Build configuration list for PBXProject "PolarityTE_Project" */ = {
			isa = XCConfigurationList;
			buildConfigurations = (
				956D583B21B70EED001E2649 /* Debug */,
				956D583C21B70EED001E2649 /* Release */,
			);
			defaultConfigurationIsVisible = 0;
			defaultConfigurationName = Release;
		};
		956D583D21B70EED001E2649 /* Build configuration list for PBXNativeTarget "PolarityTE_Project" */ = {
			isa = XCConfigurationList;
			buildConfigurations = (
				956D583E21B70EED001E2649 /* Debug */,
				956D583F21B70EED001E2649 /* Release */,
			);
			defaultConfigurationIsVisible = 0;
			defaultConfigurationName = Release;
		};
/* End XCConfigurationList section */

/* Begin XCVersionGroup section */
		956D583221B70EEB001E2649 /* PolarityTE_Project.xcdatamodeld */ = {
			isa = XCVersionGroup;
			children = (
				956D583321B70EEB001E2649 /* PolarityTE_Project.xcdatamodel */,
			);
			currentVersion = 956D583321B70EEB001E2649 /* PolarityTE_Project.xcdatamodel */;
			path = PolarityTE_Project.xcdatamodeld;
			sourceTree = "<group>";
			versionGroupType = wrapper.xcdatamodel;
		};
/* End XCVersionGroup section */
	};
	rootObject = 956D582021B70EEB001E2649 /* Project object */;
}
